
Microsoft Visual Studio Solution File, Format Version 11.00
# Visual Studio 2010
Project("{FAE04EC0-301F-11D3-BF4B-00C04F79EFBC}") = "TD3000", "Assembly-CSharp.csproj", "{B37E6E6C-59CF-BE85-902D-612BB3F9A0A0}"
EndProject
Project("{FAE04EC0-301F-11D3-BF4B-00C04F79EFBC}") = "TD3000", "Assembly-CSharp-Editor.csproj", "{53C01848-A1CB-CD59-7C6F-FA84B638C703}"
EndProject
Global
	GlobalSection(SolutionConfigurationPlatforms) = preSolution
		Debug|Any CPU = Debug|Any CPU
		Release|Any CPU = Release|Any CPU
	EndGlobalSection
	GlobalSection(ProjectConfigurationPlatforms) = postSolution
		{B37E6E6C-59CF-BE85-902D-612BB3F9A0A0}.Debug|Any CPU.ActiveCfg = Debug|Any CPU
		{B37E6E6C-59CF-BE85-902D-612BB3F9A0A0}.Debug|Any CPU.Build.0 = Debug|Any CPU
		{B37E6E6C-59CF-BE85-902D-612BB3F9A0A0}.Release|Any CPU.ActiveCfg = Release|Any CPU
		{B37E6E6C-59CF-BE85-902D-612BB3F9A0A0}.Release|Any CPU.Build.0 = Release|Any CPU
		{53C01848-A1CB-CD59-7C6F-FA84B638C703}.Debug|Any CPU.ActiveCfg = Debug|Any CPU
		{53C01848-A1CB-CD59-7C6F-FA84B638C703}.Debug|Any CPU.Build.0 = Debug|Any CPU
		{53C01848-A1CB-CD59-7C6F-FA84B638C703}.Release|Any CPU.ActiveCfg = Release|Any CPU
		{53C01848-A1CB-CD59-7C6F-FA84B638C703}.Release|Any CPU.Build.0 = Release|Any CPU
	EndGlobalSection
	GlobalSection(SolutionProperties) = preSolution
		HideSolutionNode = FALSE
	EndGlobalSection
	GlobalSection(MonoDevelopProperties) = preSolution
		StartupItem = Assembly-CSharp.csproj
	EndGlobalSection
EndGlobal
